
Microsoft Visual Studio Solution File, Format Version 12.00
# Visual Studio Version 17
VisualStudioVersion = 17.8.34112.27
MinimumVisualStudioVersion = 10.0.40219.1
Project("{9A19103F-16F7-4668-BE54-9A1E7A4F7556}") = "Foody.EntityLayer", "Foody.EntityLayer\Foody.EntityLayer.csproj", "{9AE98B45-3019-4F9F-8C52-10D89BD097AD}"
EndProject
Project("{9A19103F-16F7-4668-BE54-9A1E7A4F7556}") = "Foody.DataAccessLayer", "Foody.DataAccessLayer\Foody.DataAccessLayer.csproj", "{EF512115-5424-41DA-A3AF-0DFB704EED21}"
EndProject
Project("{9A19103F-16F7-4668-BE54-9A1E7A4F7556}") = "Foody.BusinessLayer", "Foody.BusinessLayer\Foody.BusinessLayer.csproj", "{7F514571-D31A-46A8-B8BD-9811F5D8D1D0}"
EndProject
Project("{9A19103F-16F7-4668-BE54-9A1E7A4F7556}") = "Foody.PresentationLayer", "Foody.PresentationLayer\Foody.PresentationLayer.csproj", "{8EC07D6B-7224-4ACE-8C0B-AE8DF2D9AFEC}"
EndProject
Project("{FAE04EC0-301F-11D3-BF4B-00C04F79EFBC}") = "Foody.DtoLayer", "Foody.DtoLayer\Foody.DtoLayer.csproj", "{19C1DCC6-109F-4DDD-8FB3-99F913FE2382}"
EndProject
Global
	GlobalSection(SolutionConfigurationPlatforms) = preSolution
		Debug|Any CPU = Debug|Any CPU
		Release|Any CPU = Release|Any CPU
	EndGlobalSection
	GlobalSection(ProjectConfigurationPlatforms) = postSolution
		{9AE98B45-3019-4F9F-8C52-10D89BD097AD}.Debug|Any CPU.ActiveCfg = Debug|Any CPU
		{9AE98B45-3019-4F9F-8C52-10D89BD097AD}.Debug|Any CPU.Build.0 = Debug|Any CPU
		{9AE98B45-3019-4F9F-8C52-10D89BD097AD}.Release|Any CPU.ActiveCfg = Release|Any CPU
		{9AE98B45-3019-4F9F-8C52-10D89BD097AD}.Release|Any CPU.Build.0 = Release|Any CPU
		{EF512115-5424-41DA-A3AF-0DFB704EED21}.Debug|Any CPU.ActiveCfg = Debug|Any CPU
		{EF512115-5424-41DA-A3AF-0DFB704EED21}.Debug|Any CPU.Build.0 = Debug|Any CPU
		{EF512115-5424-41DA-A3AF-0DFB704EED21}.Release|Any CPU.ActiveCfg = Release|Any CPU
		{EF512115-5424-41DA-A3AF-0DFB704EED21}.Release|Any CPU.Build.0 = Release|Any CPU
		{7F514571-D31A-46A8-B8BD-9811F5D8D1D0}.Debug|Any CPU.ActiveCfg = Debug|Any CPU
		{7F514571-D31A-46A8-B8BD-9811F5D8D1D0}.Debug|Any CPU.Build.0 = Debug|Any CPU
		{7F514571-D31A-46A8-B8BD-9811F5D8D1D0}.Release|Any CPU.ActiveCfg = Release|Any CPU
		{7F514571-D31A-46A8-B8BD-9811F5D8D1D0}.Release|Any CPU.Build.0 = Release|Any CPU
		{8EC07D6B-7224-4ACE-8C0B-AE8DF2D9AFEC}.Debug|Any CPU.ActiveCfg = Debug|Any CPU
		{8EC07D6B-7224-4ACE-8C0B-AE8DF2D9AFEC}.Debug|Any CPU.Build.0 = Debug|Any CPU
		{8EC07D6B-7224-4ACE-8C0B-AE8DF2D9AFEC}.Release|Any CPU.ActiveCfg = Release|Any CPU
		{8EC07D6B-7224-4ACE-8C0B-AE8DF2D9AFEC}.Release|Any CPU.Build.0 = Release|Any CPU
		{19C1DCC6-109F-4DDD-8FB3-99F913FE2382}.Debug|Any CPU.ActiveCfg = Debug|Any CPU
		{19C1DCC6-109F-4DDD-8FB3-99F913FE2382}.Debug|Any CPU.Build.0 = Debug|Any CPU
		{19C1DCC6-109F-4DDD-8FB3-99F913FE2382}.Release|Any CPU.ActiveCfg = Release|Any CPU
		{19C1DCC6-109F-4DDD-8FB3-99F913FE2382}.Release|Any CPU.Build.0 = Release|Any CPU
	EndGlobalSection
	GlobalSection(SolutionProperties) = preSolution
		HideSolutionNode = FALSE
	EndGlobalSection
	GlobalSection(ExtensibilityGlobals) = postSolution
		SolutionGuid = {2D519203-91C7-4DDF-9181-15D697074C73}
	EndGlobalSection
EndGlobal
